PODS:
  - Masonry (1.1.0)
  - MBProgressHUD (1.2.0)

DEPENDENCIES:
  - Masonry
  - MBProgressHUD

SPEC REPOS:
  trunk:
    - Masonry
    - MBProgressHUD

SPEC CHECKSUMS:
  Masonry: 678fab65091a9290e40e2832a55e7ab731aad201
  MBProgressHUD: 3ee5efcc380f6a79a7cc9b363dd669c5e1ae7406

PODFILE CHECKSUM: 84af25e96e15489dcab56898699bcd063a53cb3b

COCOAPODS: 1.9.3
