// !$*UTF8*$!
{
	archiveVersion = 1;
	classes = {
	};
	objectVersion = 51;
	objects = {

/* Begin PBXBuildFile section */
		4979E4C3EDF51DE76E98F06F /* libPods-WQSLocationSpirit.a in Frameworks */ = {isa = PBXBuildFile; fileRef = 8C357B0A8B0744E72A0711A8 /* libPods-WQSLocationSpirit.a */; };
		861B2C5B258B0F240011E792 /* MaMapSatnavViewController.m in Sources */ = {isa = PBXBuildFile; fileRef = 861B2C5A258B0F240011E792 /* MaMapSatnavViewController.m */; };
		861B2C67258B4FE50011E792 /* LocationCollectViewController.m in Sources */ = {isa = PBXBuildFile; fileRef = 861B2C66258B4FE50011E792 /* LocationCollectViewController.m */; };
		861B4D40257739910031842A /* WQSAnnotionModel.m in Sources */ = {isa = PBXBuildFile; fileRef = 861B4D3F257739910031842A /* WQSAnnotionModel.m */; };
		86381C0F2595CB4900E9E82C /* MKMapView+ZoomLevel.m in Sources */ = {isa = PBXBuildFile; fileRef = 86381C0E2595CB4900E9E82C /* MKMapView+ZoomLevel.m */; };
		8666CFE8258755B7005733ED /* SettingViewController.m in Sources */ = {isa = PBXBuildFile; fileRef = 8666CFE7258755B7005733ED /* SettingViewController.m */; };
		8666CFF125875688005733ED /* SatnavViewController.m in Sources */ = {isa = PBXBuildFile; fileRef = 8666CFF025875688005733ED /* SatnavViewController.m */; };
		8666CFF7258756B6005733ED /* LocationViewController.m in Sources */ = {isa = PBXBuildFile; fileRef = 8666CFF6258756B6005733ED /* LocationViewController.m */; };
		8666D000258756F5005733ED /* GPSViewController.m in Sources */ = {isa = PBXBuildFile; fileRef = 8666CFFF258756F5005733ED /* GPSViewController.m */; };
		869268E12588A0F7007CA29A /* AboutUsViewController.m in Sources */ = {isa = PBXBuildFile; fileRef = 869268E02588A0F7007CA29A /* AboutUsViewController.m */; };
		869268ED2588B766007CA29A /* CommonMapSettingManager.m in Sources */ = {isa = PBXBuildFile; fileRef = 869268EC2588B766007CA29A /* CommonMapSettingManager.m */; };
		869268F32588C425007CA29A /* SearchPlaceModel.m in Sources */ = {isa = PBXBuildFile; fileRef = 869268F22588C425007CA29A /* SearchPlaceModel.m */; };
		869DF1502576309F00D916EC /* AppDelegate.m in Sources */ = {isa = PBXBuildFile; fileRef = 869DF14F2576309F00D916EC /* AppDelegate.m */; };
		869DF1562576309F00D916EC /* ViewController.m in Sources */ = {isa = PBXBuildFile; fileRef = 869DF1552576309F00D916EC /* ViewController.m */; };
		869DF15B257630A100D916EC /* Assets.xcassets in Resources */ = {isa = PBXBuildFile; fileRef = 869DF15A257630A100D916EC /* Assets.xcassets */; };
		869DF15E257630A100D916EC /* LaunchScreen.storyboard in Resources */ = {isa = PBXBuildFile; fileRef = 869DF15C257630A100D916EC /* LaunchScreen.storyboard */; };
		869DF161257630A100D916EC /* main.m in Sources */ = {isa = PBXBuildFile; fileRef = 869DF160257630A100D916EC /* main.m */; };
		869DF16B257630A100D916EC /* WQSLocationSpiritTests.m in Sources */ = {isa = PBXBuildFile; fileRef = 869DF16A257630A100D916EC /* WQSLocationSpiritTests.m */; };
		869DF176257630A100D916EC /* WQSLocationSpiritUITests.m in Sources */ = {isa = PBXBuildFile; fileRef = 869DF175257630A100D916EC /* WQSLocationSpiritUITests.m */; };
		869DF1A02576452000D916EC /* SearchViewController.m in Sources */ = {isa = PBXBuildFile; fileRef = 869DF19F2576452000D916EC /* SearchViewController.m */; };
		86F17845258854C00034AB2E /* UIView+ActivityIndicatorView.m in Sources */ = {isa = PBXBuildFile; fileRef = 86F17843258854C00034AB2E /* UIView+ActivityIndicatorView.m */; };
		86FC870C2576495E003FAAF1 /* UIDevice+MC.m in Sources */ = {isa = PBXBuildFile; fileRef = 86FC870B2576495E003FAAF1 /* UIDevice+MC.m */; };
/* End PBXBuildFile section */

/* Begin PBXContainerItemProxy section */
		869DF167257630A100D916EC /* PBXContainerItemProxy */ = {
			isa = PBXContainerItemProxy;
			containerPortal = 869DF1432576309F00D916EC /* Project object */;
			proxyType = 1;
			remoteGlobalIDString = 869DF14A2576309F00D916EC;
			remoteInfo = WQSLocationSpirit;
		};
		869DF172257630A100D916EC /* PBXContainerItemProxy */ = {
			isa = PBXContainerItemProxy;
			containerPortal = 869DF1432576309F00D916EC /* Project object */;
			proxyType = 1;
			remoteGlobalIDString = 869DF14A2576309F00D916EC;
			remoteInfo = WQSLocationSpirit;
		};
/* End PBXContainerItemProxy section */

/* Begin PBXFileReference section */
		7D4593C52FDCF24D7BF3EC8D /* Pods-WQSLocationSpirit.release.xcconfig */ = {isa = PBXFileReference; includeInIndex = 1; lastKnownFileType = text.xcconfig; name = "Pods-WQSLocationSpirit.release.xcconfig"; path = "Target Support Files/Pods-WQSLocationSpirit/Pods-WQSLocationSpirit.release.xcconfig"; sourceTree = "<group>"; };
		861B2C59258B0F240011E792 /* MaMapSatnavViewController.h */ = {isa = PBXFileReference; lastKnownFileType = sourcecode.c.h; path = MaMapSatnavViewController.h; sourceTree = "<group>"; };
		861B2C5A258B0F240011E792 /* MaMapSatnavViewController.m */ = {isa = PBXFileReference; lastKnownFileType = sourcecode.c.objc; path = MaMapSatnavViewController.m; sourceTree = "<group>"; };
		861B2C65258B4FE50011E792 /* LocationCollectViewController.h */ = {isa = PBXFileReference; lastKnownFileType = sourcecode.c.h; path = LocationCollectViewController.h; sourceTree = "<group>"; };
		861B2C66258B4FE50011E792 /* LocationCollectViewController.m */ = {isa = PBXFileReference; lastKnownFileType = sourcecode.c.objc; path = LocationCollectViewController.m; sourceTree = "<group>"; };
		861B4D3E257739910031842A /* WQSAnnotionModel.h */ = {isa = PBXFileReference; lastKnownFileType = sourcecode.c.h; path = WQSAnnotionModel.h; sourceTree = "<group>"; };
		861B4D3F257739910031842A /* WQSAnnotionModel.m */ = {isa = PBXFileReference; lastKnownFileType = sourcecode.c.objc; path = WQSAnnotionModel.m; sourceTree = "<group>"; };
		86381C0D2595CB4900E9E82C /* MKMapView+ZoomLevel.h */ = {isa = PBXFileReference; lastKnownFileType = sourcecode.c.h; path = "MKMapView+ZoomLevel.h"; sourceTree = "<group>"; };
		86381C0E2595CB4900E9E82C /* MKMapView+ZoomLevel.m */ = {isa = PBXFileReference; lastKnownFileType = sourcecode.c.objc; path = "MKMapView+ZoomLevel.m"; sourceTree = "<group>"; };
		8666CFE6258755B7005733ED /* SettingViewController.h */ = {isa = PBXFileReference; lastKnownFileType = sourcecode.c.h; path = SettingViewController.h; sourceTree = "<group>"; };
		8666CFE7258755B7005733ED /* SettingViewController.m */ = {isa = PBXFileReference; lastKnownFileType = sourcecode.c.objc; path = SettingViewController.m; sourceTree = "<group>"; };
		8666CFEF25875688005733ED /* SatnavViewController.h */ = {isa = PBXFileReference; lastKnownFileType = sourcecode.c.h; path = SatnavViewController.h; sourceTree = "<group>"; };
		8666CFF025875688005733ED /* SatnavViewController.m */ = {isa = PBXFileReference; lastKnownFileType = sourcecode.c.objc; path = SatnavViewController.m; sourceTree = "<group>"; };
		8666CFF5258756B6005733ED /* LocationViewController.h */ = {isa = PBXFileReference; lastKnownFileType = sourcecode.c.h; path = LocationViewController.h; sourceTree = "<group>"; };
		8666CFF6258756B6005733ED /* LocationViewController.m */ = {isa = PBXFileReference; lastKnownFileType = sourcecode.c.objc; path = LocationViewController.m; sourceTree = "<group>"; };
		8666CFFE258756F5005733ED /* GPSViewController.h */ = {isa = PBXFileReference; lastKnownFileType = sourcecode.c.h; path = GPSViewController.h; sourceTree = "<group>"; };
		8666CFFF258756F5005733ED /* GPSViewController.m */ = {isa = PBXFileReference; lastKnownFileType = sourcecode.c.objc; path = GPSViewController.m; sourceTree = "<group>"; };
		869268DF2588A0F7007CA29A /* AboutUsViewController.h */ = {isa = PBXFileReference; lastKnownFileType = sourcecode.c.h; path = AboutUsViewController.h; sourceTree = "<group>"; };
		869268E02588A0F7007CA29A /* AboutUsViewController.m */ = {isa = PBXFileReference; lastKnownFileType = sourcecode.c.objc; path = AboutUsViewController.m; sourceTree = "<group>"; };
		869268EB2588B766007CA29A /* CommonMapSettingManager.h */ = {isa = PBXFileReference; lastKnownFileType = sourcecode.c.h; path = CommonMapSettingManager.h; sourceTree = "<group>"; };
		869268EC2588B766007CA29A /* CommonMapSettingManager.m */ = {isa = PBXFileReference; lastKnownFileType = sourcecode.c.objc; path = CommonMapSettingManager.m; sourceTree = "<group>"; };
		869268F12588C425007CA29A /* SearchPlaceModel.h */ = {isa = PBXFileReference; lastKnownFileType = sourcecode.c.h; path = SearchPlaceModel.h; sourceTree = "<group>"; };
		869268F22588C425007CA29A /* SearchPlaceModel.m */ = {isa = PBXFileReference; lastKnownFileType = sourcecode.c.objc; path = SearchPlaceModel.m; sourceTree = "<group>"; };
		869DF14B2576309F00D916EC /* WQSLocationSpirit.app */ = {isa = PBXFileReference; explicitFileType = wrapper.application; includeInIndex = 0; path = WQSLocationSpirit.app; sourceTree = BUILT_PRODUCTS_DIR; };
		869DF14E2576309F00D916EC /* AppDelegate.h */ = {isa = PBXFileReference; lastKnownFileType = sourcecode.c.h; path = AppDelegate.h; sourceTree = "<group>"; };
		869DF14F2576309F00D916EC /* AppDelegate.m */ = {isa = PBXFileReference; lastKnownFileType = sourcecode.c.objc; path = AppDelegate.m; sourceTree = "<group>"; };
		869DF1542576309F00D916EC /* ViewController.h */ = {isa = PBXFileReference; lastKnownFileType = sourcecode.c.h; path = ViewController.h; sourceTree = "<group>"; };
		869DF1552576309F00D916EC /* ViewController.m */ = {isa = PBXFileReference; lastKnownFileType = sourcecode.c.objc; path = ViewController.m; sourceTree = "<group>"; };
		869DF15A257630A100D916EC /* Assets.xcassets */ = {isa = PBXFileReference; lastKnownFileType = folder.assetcatalog; path = Assets.xcassets; sourceTree = "<group>"; };
		869DF15D257630A100D916EC /* Base */ = {isa = PBXFileReference; lastKnownFileType = file.storyboard; name = Base; path = Base.lproj/LaunchScreen.storyboard; sourceTree = "<group>"; };
		869DF15F257630A100D916EC /* Info.plist */ = {isa = PBXFileReference; lastKnownFileType = text.plist.xml; path = Info.plist; sourceTree = "<group>"; };
		869DF160257630A100D916EC /* main.m */ = {isa = PBXFileReference; lastKnownFileType = sourcecode.c.objc; path = main.m; sourceTree = "<group>"; };
		869DF166257630A100D916EC /* WQSLocationSpiritTests.xctest */ = {isa = PBXFileReference; explicitFileType = wrapper.cfbundle; includeInIndex = 0; path = WQSLocationSpiritTests.xctest; sourceTree = BUILT_PRODUCTS_DIR; };
		869DF16A257630A100D916EC /* WQSLocationSpiritTests.m */ = {isa = PBXFileReference; lastKnownFileType = sourcecode.c.objc; path = WQSLocationSpiritTests.m; sourceTree = "<group>"; };
		869DF16C257630A100D916EC /* Info.plist */ = {isa = PBXFileReference; lastKnownFileType = text.plist.xml; path = Info.plist; sourceTree = "<group>"; };
		869DF171257630A100D916EC /* WQSLocationSpiritUITests.xctest */ = {isa = PBXFileReference; explicitFileType = wrapper.cfbundle; includeInIndex = 0; path = WQSLocationSpiritUITests.xctest; sourceTree = BUILT_PRODUCTS_DIR; };
		869DF175257630A100D916EC /* WQSLocationSpiritUITests.m */ = {isa = PBXFileReference; lastKnownFileType = sourcecode.c.objc; path = WQSLocationSpiritUITests.m; sourceTree = "<group>"; };
		869DF177257630A100D916EC /* Info.plist */ = {isa = PBXFileReference; lastKnownFileType = text.plist.xml; path = Info.plist; sourceTree = "<group>"; };
		869DF19E2576452000D916EC /* SearchViewController.h */ = {isa = PBXFileReference; lastKnownFileType = sourcecode.c.h; path = SearchViewController.h; sourceTree = "<group>"; };
		869DF19F2576452000D916EC /* SearchViewController.m */ = {isa = PBXFileReference; lastKnownFileType = sourcecode.c.objc; path = SearchViewController.m; sourceTree = "<group>"; };
		86F17843258854C00034AB2E /* UIView+ActivityIndicatorView.m */ = {isa = PBXFileReference; fileEncoding = 4; lastKnownFileType = sourcecode.c.objc; path = "UIView+ActivityIndicatorView.m"; sourceTree = "<group>"; };
		86F17844258854C00034AB2E /* UIView+ActivityIndicatorView.h */ = {isa = PBXFileReference; fileEncoding = 4; lastKnownFileType = sourcecode.c.h; path = "UIView+ActivityIndicatorView.h"; sourceTree = "<group>"; };
		86F1785D2588576C0034AB2E /* FuncMacro.h */ = {isa = PBXFileReference; fileEncoding = 4; lastKnownFileType = sourcecode.c.h; path = FuncMacro.h; sourceTree = "<group>"; };
		86FC86CF257648A1003FAAF1 /* CommonConfig.h */ = {isa = PBXFileReference; lastKnownFileType = sourcecode.c.h; path = CommonConfig.h; sourceTree = "<group>"; };
		86FC870A2576495E003FAAF1 /* UIDevice+MC.h */ = {isa = PBXFileReference; lastKnownFileType = sourcecode.c.h; path = "UIDevice+MC.h"; sourceTree = "<group>"; };
		86FC870B2576495E003FAAF1 /* UIDevice+MC.m */ = {isa = PBXFileReference; lastKnownFileType = sourcecode.c.objc; path = "UIDevice+MC.m"; sourceTree = "<group>"; };
		8C357B0A8B0744E72A0711A8 /* libPods-WQSLocationSpirit.a */ = {isa = PBXFileReference; explicitFileType = archive.ar; includeInIndex = 0; path = "libPods-WQSLocationSpirit.a"; sourceTree = BUILT_PRODUCTS_DIR; };
		B6C11A79B0112E33B73C3E59 /* Pods-WQSLocationSpirit.debug.xcconfig */ = {isa = PBXFileReference; includeInIndex = 1; lastKnownFileType = text.xcconfig; name = "Pods-WQSLocationSpirit.debug.xcconfig"; path = "Target Support Files/Pods-WQSLocationSpirit/Pods-WQSLocationSpirit.debug.xcconfig"; sourceTree = "<group>"; };
/* End PBXFileReference section */

/* Begin PBXFrameworksBuildPhase section */
		869DF1482576309F00D916EC /* Frameworks */ = {
			isa = PBXFrameworksBuildPhase;
			buildActionMask = 2147483647;
			files = (
				4979E4C3EDF51DE76E98F06F /* libPods-WQSLocationSpirit.a in Frameworks */,
			);
			runOnlyForDeploymentPostprocessing = 0;
		};
		869DF163257630A100D916EC /* Frameworks */ = {
			isa = PBXFrameworksBuildPhase;
			buildActionMask = 2147483647;
			files = (
			);
			runOnlyForDeploymentPostprocessing = 0;
		};
		869DF16E257630A100D916EC /* Frameworks */ = {
			isa = PBXFrameworksBuildPhase;
			buildActionMask = 2147483647;
			files = (
			);
			runOnlyForDeploymentPostprocessing = 0;
		};
/* End PBXFrameworksBuildPhase section */

/* Begin PBXGroup section */
		0275F808EC7F230B08537327 /* Frameworks */ = {
			isa = PBXGroup;
			children = (
				8C357B0A8B0744E72A0711A8 /* libPods-WQSLocationSpirit.a */,
			);
			name = Frameworks;
			sourceTree = "<group>";
		};
		869DF1422576309F00D916EC = {
			isa = PBXGroup;
			children = (
				869DF14D2576309F00D916EC /* WQSLocationSpirit */,
				869DF169257630A100D916EC /* WQSLocationSpiritTests */,
				869DF174257630A100D916EC /* WQSLocationSpiritUITests */,
				869DF14C2576309F00D916EC /* Products */,
				C309F53AEC90257C9A2D50F9 /* Pods */,
				0275F808EC7F230B08537327 /* Frameworks */,
			);
			sourceTree = "<group>";
		};
		869DF14C2576309F00D916EC /* Products */ = {
			isa = PBXGroup;
			children = (
				869DF14B2576309F00D916EC /* WQSLocationSpirit.app */,
				869DF166257630A100D916EC /* WQSLocationSpiritTests.xctest */,
				869DF171257630A100D916EC /* WQSLocationSpiritUITests.xctest */,
			);
			name = Products;
			sourceTree = "<group>";
		};
		869DF14D2576309F00D916EC /* WQSLocationSpirit */ = {
			isa = PBXGroup;
			children = (
				86F17850258855860034AB2E /* Search */,
				86F1784E2588555F0034AB2E /* GPS */,
				86F1784D258855540034AB2E /* Location */,
				86F1784C258855450034AB2E /* Satnav */,
				86F1784B2588552F0034AB2E /* Setting */,
				86F1784A258855140034AB2E /* Home */,
				86F17849258854FA0034AB2E /* AppRun */,
				86F17842258854AC0034AB2E /* Categories */,
				86FC86CF257648A1003FAAF1 /* CommonConfig.h */,
				86F1785D2588576C0034AB2E /* FuncMacro.h */,
				869DF15A257630A100D916EC /* Assets.xcassets */,
				869DF15C257630A100D916EC /* LaunchScreen.storyboard */,
				869DF15F257630A100D916EC /* Info.plist */,
				869DF160257630A100D916EC /* main.m */,
				869268EB2588B766007CA29A /* CommonMapSettingManager.h */,
				869268EC2588B766007CA29A /* CommonMapSettingManager.m */,
			);
			path = WQSLocationSpirit;
			sourceTree = "<group>";
		};
		869DF169257630A100D916EC /* WQSLocationSpiritTests */ = {
			isa = PBXGroup;
			children = (
				869DF16A257630A100D916EC /* WQSLocationSpiritTests.m */,
				869DF16C257630A100D916EC /* Info.plist */,
			);
			path = WQSLocationSpiritTests;
			sourceTree = "<group>";
		};
		869DF174257630A100D916EC /* WQSLocationSpiritUITests */ = {
			isa = PBXGroup;
			children = (
				869DF175257630A100D916EC /* WQSLocationSpiritUITests.m */,
				869DF177257630A100D916EC /* Info.plist */,
			);
			path = WQSLocationSpiritUITests;
			sourceTree = "<group>";
		};
		86F17842258854AC0034AB2E /* Categories */ = {
			isa = PBXGroup;
			children = (
				86FC870A2576495E003FAAF1 /* UIDevice+MC.h */,
				86FC870B2576495E003FAAF1 /* UIDevice+MC.m */,
				86F17844258854C00034AB2E /* UIView+ActivityIndicatorView.h */,
				86F17843258854C00034AB2E /* UIView+ActivityIndicatorView.m */,
				86381C0D2595CB4900E9E82C /* MKMapView+ZoomLevel.h */,
				86381C0E2595CB4900E9E82C /* MKMapView+ZoomLevel.m */,
			);
			path = Categories;
			sourceTree = "<group>";
		};
		86F17849258854FA0034AB2E /* AppRun */ = {
			isa = PBXGroup;
			children = (
				869DF14E2576309F00D916EC /* AppDelegate.h */,
				869DF14F2576309F00D916EC /* AppDelegate.m */,
			);
			path = AppRun;
			sourceTree = "<group>";
		};
		86F1784A258855140034AB2E /* Home */ = {
			isa = PBXGroup;
			children = (
				869DF1542576309F00D916EC /* ViewController.h */,
				869DF1552576309F00D916EC /* ViewController.m */,
			);
			path = Home;
			sourceTree = "<group>";
		};
		86F1784B2588552F0034AB2E /* Setting */ = {
			isa = PBXGroup;
			children = (
				8666CFE6258755B7005733ED /* SettingViewController.h */,
				8666CFE7258755B7005733ED /* SettingViewController.m */,
				869268DF2588A0F7007CA29A /* AboutUsViewController.h */,
				869268E02588A0F7007CA29A /* AboutUsViewController.m */,
			);
			path = Setting;
			sourceTree = "<group>";
		};
		86F1784C258855450034AB2E /* Satnav */ = {
			isa = PBXGroup;
			children = (
				8666CFEF25875688005733ED /* SatnavViewController.h */,
				8666CFF025875688005733ED /* SatnavViewController.m */,
				861B2C59258B0F240011E792 /* MaMapSatnavViewController.h */,
				861B2C5A258B0F240011E792 /* MaMapSatnavViewController.m */,
			);
			path = Satnav;
			sourceTree = "<group>";
		};
		86F1784D258855540034AB2E /* Location */ = {
			isa = PBXGroup;
			children = (
				861B4D3E257739910031842A /* WQSAnnotionModel.h */,
				861B4D3F257739910031842A /* WQSAnnotionModel.m */,
				8666CFF5258756B6005733ED /* LocationViewController.h */,
				8666CFF6258756B6005733ED /* LocationViewController.m */,
				861B2C65258B4FE50011E792 /* LocationCollectViewController.h */,
				861B2C66258B4FE50011E792 /* LocationCollectViewController.m */,
			);
			path = Location;
			sourceTree = "<group>";
		};
		86F1784E2588555F0034AB2E /* GPS */ = {
			isa = PBXGroup;
			children = (
				8666CFFE258756F5005733ED /* GPSViewController.h */,
				8666CFFF258756F5005733ED /* GPSViewController.m */,
			);
			path = GPS;
			sourceTree = "<group>";
		};
		86F17850258855860034AB2E /* Search */ = {
			isa = PBXGroup;
			children = (
				869DF19E2576452000D916EC /* SearchViewController.h */,
				869DF19F2576452000D916EC /* SearchViewController.m */,
				869268F12588C425007CA29A /* SearchPlaceModel.h */,
				869268F22588C425007CA29A /* SearchPlaceModel.m */,
			);
			path = Search;
			sourceTree = "<group>";
		};
		C309F53AEC90257C9A2D50F9 /* Pods */ = {
			isa = PBXGroup;
			children = (
				B6C11A79B0112E33B73C3E59 /* Pods-WQSLocationSpirit.debug.xcconfig */,
				7D4593C52FDCF24D7BF3EC8D /* Pods-WQSLocationSpirit.release.xcconfig */,
			);
			path = Pods;
			sourceTree = "<group>";
		};
/* End PBXGroup section */

/* Begin PBXNativeTarget section */
		869DF14A2576309F00D916EC /* WQSLocationSpirit */ = {
			isa = PBXNativeTarget;
			buildConfigurationList = 869DF17A257630A100D916EC /* Build configuration list for PBXNativeTarget "WQSLocationSpirit" */;
			buildPhases = (
				E648841DAE5D1D93E41E57CF /* [CP] Check Pods Manifest.lock */,
				869DF1472576309F00D916EC /* Sources */,
				869DF1482576309F00D916EC /* Frameworks */,
				869DF1492576309F00D916EC /* Resources */,
				B764299E27250FD1801F0339 /* [CP] Copy Pods Resources */,
			);
			buildRules = (
			);
			dependencies = (
			);
			name = WQSLocationSpirit;
			productName = WQSLocationSpirit;
			productReference = 869DF14B2576309F00D916EC /* WQSLocationSpirit.app */;
			productType = "com.apple.product-type.application";
		};
		869DF165257630A100D916EC /* WQSLocationSpiritTests */ = {
			isa = PBXNativeTarget;
			buildConfigurationList = 869DF17D257630A100D916EC /* Build configuration list for PBXNativeTarget "WQSLocationSpiritTests" */;
			buildPhases = (
				869DF162257630A100D916EC /* Sources */,
				869DF163257630A100D916EC /* Frameworks */,
				869DF164257630A100D916EC /* Resources */,
			);
			buildRules = (
			);
			dependencies = (
				869DF168257630A100D916EC /* PBXTargetDependency */,
			);
			name = WQSLocationSpiritTests;
			productName = WQSLocationSpiritTests;
			productReference = 869DF166257630A100D916EC /* WQSLocationSpiritTests.xctest */;
			productType = "com.apple.product-type.bundle.unit-test";
		};
		869DF170257630A100D916EC /* WQSLocationSpiritUITests */ = {
			isa = PBXNativeTarget;
			buildConfigurationList = 869DF180257630A100D916EC /* Build configuration list for PBXNativeTarget "WQSLocationSpiritUITests" */;
			buildPhases = (
				869DF16D257630A100D916EC /* Sources */,
				869DF16E257630A100D916EC /* Frameworks */,
				869DF16F257630A100D916EC /* Resources */,
			);
			buildRules = (
			);
			dependencies = (
				869DF173257630A100D916EC /* PBXTargetDependency */,
			);
			name = WQSLocationSpiritUITests;
			productName = WQSLocationSpiritUITests;
			productReference = 869DF171257630A100D916EC /* WQSLocationSpiritUITests.xctest */;
			productType = "com.apple.product-type.bundle.ui-testing";
		};
/* End PBXNativeTarget section */

/* Begin PBXProject section */
		869DF1432576309F00D916EC /* Project object */ = {
			isa = PBXProject;
			attributes = {
				LastUpgradeCheck = 1220;
				TargetAttributes = {
					869DF14A2576309F00D916EC = {
						CreatedOnToolsVersion = 12.2;
					};
					869DF165257630A100D916EC = {
						CreatedOnToolsVersion = 12.2;
						TestTargetID = 869DF14A2576309F00D916EC;
					};
					869DF170257630A100D916EC = {
						CreatedOnToolsVersion = 12.2;
						TestTargetID = 869DF14A2576309F00D916EC;
					};
				};
			};
			buildConfigurationList = 869DF1462576309F00D916EC /* Build configuration list for PBXProject "WQSLocationSpirit" */;
			compatibilityVersion = "Xcode 9.3";
			developmentRegion = en;
			hasScannedForEncodings = 0;
			knownRegions = (
				en,
				Base,
			);
			mainGroup = 869DF1422576309F00D916EC;
			productRefGroup = 869DF14C2576309F00D916EC /* Products */;
			projectDirPath = "";
			projectRoot = "";
			targets = (
				869DF14A2576309F00D916EC /* WQSLocationSpirit */,
				869DF165257630A100D916EC /* WQSLocationSpiritTests */,
				869DF170257630A100D916EC /* WQSLocationSpiritUITests */,
			);
		};
/* End PBXProject section */

/* Begin PBXResourcesBuildPhase section */
		869DF1492576309F00D916EC /* Resources */ = {
			isa = PBXResourcesBuildPhase;
			buildActionMask = 2147483647;
			files = (
				869DF15E257630A100D916EC /* LaunchScreen.storyboard in Resources */,
				869DF15B257630A100D916EC /* Assets.xcassets in Resources */,
			);
			runOnlyForDeploymentPostprocessing = 0;
		};
		869DF164257630A100D916EC /* Resources */ = {
			isa = PBXResourcesBuildPhase;
			buildActionMask = 2147483647;
			files = (
			);
			runOnlyForDeploymentPostprocessing = 0;
		};
		869DF16F257630A100D916EC /* Resources */ = {
			isa = PBXResourcesBuildPhase;
			buildActionMask = 2147483647;
			files = (
			);
			runOnlyForDeploymentPostprocessing = 0;
		};
/* End PBXResourcesBuildPhase section */

/* Begin PBXShellScriptBuildPhase section */
		B764299E27250FD1801F0339 /* [CP] Copy Pods Resources */ = {
			isa = PBXShellScriptBuildPhase;
			buildActionMask = 2147483647;
			files = (
			);
			inputFileListPaths = (
				"${PODS_ROOT}/Target Support Files/Pods-WQSLocationSpirit/Pods-WQSLocationSpirit-resources-${CONFIGURATION}-input-files.xcfilelist",
			);
			name = "[CP] Copy Pods Resources";
			outputFileListPaths = (
				"${PODS_ROOT}/Target Support Files/Pods-WQSLocationSpirit/Pods-WQSLocationSpirit-resources-${CONFIGURATION}-output-files.xcfilelist",
			);
			runOnlyForDeploymentPostprocessing = 0;
			shellPath = /bin/sh;
			shellScript = "\"${PODS_ROOT}/Target Support Files/Pods-WQSLocationSpirit/Pods-WQSLocationSpirit-resources.sh\"\n";
			showEnvVarsInLog = 0;
		};
		E648841DAE5D1D93E41E57CF /* [CP] Check Pods Manifest.lock */ = {
			isa = PBXShellScriptBuildPhase;
			buildActionMask = 2147483647;
			files = (
			);
			inputFileListPaths = (
			);
			inputPaths = (
				"${PODS_PODFILE_DIR_PATH}/Podfile.lock",
				"${PODS_ROOT}/Manifest.lock",
			);
			name = "[CP] Check Pods Manifest.lock";
			outputFileListPaths = (
			);
			outputPaths = (
				"$(DERIVED_FILE_DIR)/Pods-WQSLocationSpirit-checkManifestLockResult.txt",
			);
			runOnlyForDeploymentPostprocessing = 0;
			shellPath = /bin/sh;
			shellScript = "diff \"${PODS_PODFILE_DIR_PATH}/Podfile.lock\" \"${PODS_ROOT}/Manifest.lock\" > /dev/null\nif [ $? != 0 ] ; then\n    # print error to STDERR\n    echo \"error: The sandbox is not in sync with the Podfile.lock. Run 'pod install' or update your CocoaPods installation.\" >&2\n    exit 1\nfi\n# This output is used by Xcode 'outputs' to avoid re-running this script phase.\necho \"SUCCESS\" > \"${SCRIPT_OUTPUT_FILE_0}\"\n";
			showEnvVarsInLog = 0;
		};
/* End PBXShellScriptBuildPhase section */

/* Begin PBXSourcesBuildPhase section */
		869DF1472576309F00D916EC /* Sources */ = {
			isa = PBXSourcesBuildPhase;
			buildActionMask = 2147483647;
			files = (
				869DF1562576309F00D916EC /* ViewController.m in Sources */,
				861B2C5B258B0F240011E792 /* MaMapSatnavViewController.m in Sources */,
				8666CFF7258756B6005733ED /* LocationViewController.m in Sources */,
				861B4D40257739910031842A /* WQSAnnotionModel.m in Sources */,
				869DF1502576309F00D916EC /* AppDelegate.m in Sources */,
				8666CFE8258755B7005733ED /* SettingViewController.m in Sources */,
				86FC870C2576495E003FAAF1 /* UIDevice+MC.m in Sources */,
				8666CFF125875688005733ED /* SatnavViewController.m in Sources */,
				861B2C67258B4FE50011E792 /* LocationCollectViewController.m in Sources */,
				869DF1A02576452000D916EC /* SearchViewController.m in Sources */,
				86381C0F2595CB4900E9E82C /* MKMapView+ZoomLevel.m in Sources */,
				869268E12588A0F7007CA29A /* AboutUsViewController.m in Sources */,
				869268F32588C425007CA29A /* SearchPlaceModel.m in Sources */,
				869DF161257630A100D916EC /* main.m in Sources */,
				86F17845258854C00034AB2E /* UIView+ActivityIndicatorView.m in Sources */,
				8666D000258756F5005733ED /* GPSViewController.m in Sources */,
				869268ED2588B766007CA29A /* CommonMapSettingManager.m in Sources */,
			);
			runOnlyForDeploymentPostprocessing = 0;
		};
		869DF162257630A100D916EC /* Sources */ = {
			isa = PBXSourcesBuildPhase;
			buildActionMask = 2147483647;
			files = (
				869DF16B257630A100D916EC /* WQSLocationSpiritTests.m in Sources */,
			);
			runOnlyForDeploymentPostprocessing = 0;
		};
		869DF16D257630A100D916EC /* Sources */ = {
			isa = PBXSourcesBuildPhase;
			buildActionMask = 2147483647;
			files = (
				869DF176257630A100D916EC /* WQSLocationSpiritUITests.m in Sources */,
			);
			runOnlyForDeploymentPostprocessing = 0;
		};
/* End PBXSourcesBuildPhase section */

/* Begin PBXTargetDependency section */
		869DF168257630A100D916EC /* PBXTargetDependency */ = {
			isa = PBXTargetDependency;
			target = 869DF14A2576309F00D916EC /* WQSLocationSpirit */;
			targetProxy = 869DF167257630A100D916EC /* PBXContainerItemProxy */;
		};
		869DF173257630A100D916EC /* PBXTargetDependency */ = {
			isa = PBXTargetDependency;
			target = 869DF14A2576309F00D916EC /* WQSLocationSpirit */;
			targetProxy = 869DF172257630A100D916EC /* PBXContainerItemProxy */;
		};
/* End PBXTargetDependency section */

/* Begin PBXVariantGroup section */
		869DF15C257630A100D916EC /* LaunchScreen.storyboard */ = {
			isa = PBXVariantGroup;
			children = (
				869DF15D257630A100D916EC /* Base */,
			);
			name = LaunchScreen.storyboard;
			sourceTree = "<group>";
		};
/* End PBXVariantGroup section */

/* Begin XCBuildConfiguration section */
		869DF178257630A100D916EC /* Debug */ = {
			isa = XCBuildConfiguration;
			buildSettings = {
				ALWAYS_SEARCH_USER_PATHS = NO;
				CLANG_ANALYZER_NONNULL = YES;
				CLANG_ANALYZER_NUMBER_OBJECT_CONVERSION = YES_AGGRESSIVE;
				CLANG_CXX_LANGUAGE_STANDARD = "gnu++14";
				CLANG_CXX_LIBRARY = "libc++";
				CLANG_ENABLE_MODULES = YES;
				CLANG_ENABLE_OBJC_ARC = YES;
				CLANG_ENABLE_OBJC_WEAK = YES;
				CLANG_WARN_BLOCK_CAPTURE_AUTORELEASING = YES;
				CLANG_WARN_BOOL_CONVERSION = YES;
				CLANG_WARN_COMMA = YES;
				CLANG_WARN_CONSTANT_CONVERSION = YES;
				CLANG_WARN_DEPRECATED_OBJC_IMPLEMENTATIONS = YES;
				CLANG_WARN_DIRECT_OBJC_ISA_USAGE = YES_ERROR;
				CLANG_WARN_DOCUMENTATION_COMMENTS = YES;
				CLANG_WARN_EMPTY_BODY = YES;
				CLANG_WARN_ENUM_CONVERSION = YES;
				CLANG_WARN_INFINITE_RECURSION = YES;
				CLANG_WARN_INT_CONVERSION = YES;
				CLANG_WARN_NON_LITERAL_NULL_CONVERSION = YES;
				CLANG_WARN_OBJC_IMPLICIT_RETAIN_SELF = YES;
				CLANG_WARN_OBJC_LITERAL_CONVERSION = YES;
				CLANG_WARN_OBJC_ROOT_CLASS = YES_ERROR;
				CLANG_WARN_QUOTED_INCLUDE_IN_FRAMEWORK_HEADER = YES;
				CLANG_WARN_RANGE_LOOP_ANALYSIS = YES;
				CLANG_WARN_STRICT_PROTOTYPES = YES;
				CLANG_WARN_SUSPICIOUS_MOVE = YES;
				CLANG_WARN_UNGUARDED_AVAILABILITY = YES_AGGRESSIVE;
				CLANG_WARN_UNREACHABLE_CODE = YES;
				CLANG_WARN__DUPLICATE_METHOD_MATCH = YES;
				COPY_PHASE_STRIP = NO;
				DEBUG_INFORMATION_FORMAT = dwarf;
				ENABLE_STRICT_OBJC_MSGSEND = YES;
				ENABLE_TESTABILITY = YES;
				GCC_C_LANGUAGE_STANDARD = gnu11;
				GCC_DYNAMIC_NO_PIC = NO;
				GCC_NO_COMMON_BLOCKS = YES;
				GCC_OPTIMIZATION_LEVEL = 0;
				GCC_PREPROCESSOR_DEFINITIONS = (
					"DEBUG=1",
					"$(inherited)",
				);
				GCC_WARN_64_TO_32_BIT_CONVERSION = YES;
				GCC_WARN_ABOUT_RETURN_TYPE = YES_ERROR;
				GCC_WARN_UNDECLARED_SELECTOR = YES;
				GCC_WARN_UNINITIALIZED_AUTOS = YES_AGGRESSIVE;
				GCC_WARN_UNUSED_FUNCTION = YES;
				GCC_WARN_UNUSED_VARIABLE = YES;
				IPHONEOS_DEPLOYMENT_TARGET = 14.2;
				MTL_ENABLE_DEBUG_INFO = INCLUDE_SOURCE;
				MTL_FAST_MATH = YES;
				ONLY_ACTIVE_ARCH = YES;
				SDKROOT = iphoneos;
			};
			name = Debug;
		};
		869DF179257630A100D916EC /* Release */ = {
			isa = XCBuildConfiguration;
			buildSettings = {
				ALWAYS_SEARCH_USER_PATHS = NO;
				CLANG_ANALYZER_NONNULL = YES;
				CLANG_ANALYZER_NUMBER_OBJECT_CONVERSION = YES_AGGRESSIVE;
				CLANG_CXX_LANGUAGE_STANDARD = "gnu++14";
				CLANG_CXX_LIBRARY = "libc++";
				CLANG_ENABLE_MODULES = YES;
				CLANG_ENABLE_OBJC_ARC = YES;
				CLANG_ENABLE_OBJC_WEAK = YES;
				CLANG_WARN_BLOCK_CAPTURE_AUTORELEASING = YES;
				CLANG_WARN_BOOL_CONVERSION = YES;
				CLANG_WARN_COMMA = YES;
				CLANG_WARN_CONSTANT_CONVERSION = YES;
				CLANG_WARN_DEPRECATED_OBJC_IMPLEMENTATIONS = YES;
				CLANG_WARN_DIRECT_OBJC_ISA_USAGE = YES_ERROR;
				CLANG_WARN_DOCUMENTATION_COMMENTS = YES;
				CLANG_WARN_EMPTY_BODY = YES;
				CLANG_WARN_ENUM_CONVERSION = YES;
				CLANG_WARN_INFINITE_RECURSION = YES;
				CLANG_WARN_INT_CONVERSION = YES;
				CLANG_WARN_NON_LITERAL_NULL_CONVERSION = YES;
				CLANG_WARN_OBJC_IMPLICIT_RETAIN_SELF = YES;
				CLANG_WARN_OBJC_LITERAL_CONVERSION = YES;
				CLANG_WARN_OBJC_ROOT_CLASS = YES_ERROR;
				CLANG_WARN_QUOTED_INCLUDE_IN_FRAMEWORK_HEADER = YES;
				CLANG_WARN_RANGE_LOOP_ANALYSIS = YES;
				CLANG_WARN_STRICT_PROTOTYPES = YES;
				CLANG_WARN_SUSPICIOUS_MOVE = YES;
				CLANG_WARN_UNGUARDED_AVAILABILITY = YES_AGGRESSIVE;
				CLANG_WARN_UNREACHABLE_CODE = YES;
				CLANG_WARN__DUPLICATE_METHOD_MATCH = YES;
				COPY_PHASE_STRIP = NO;
				DEBUG_INFORMATION_FORMAT = "dwarf-with-dsym";
				ENABLE_NS_ASSERTIONS = NO;
				ENABLE_STRICT_OBJC_MSGSEND = YES;
				GCC_C_LANGUAGE_STANDARD = gnu11;
				GCC_NO_COMMON_BLOCKS = YES;
				GCC_WARN_64_TO_32_BIT_CONVERSION = YES;
				GCC_WARN_ABOUT_RETURN_TYPE = YES_ERROR;
				GCC_WARN_UNDECLARED_SELECTOR = YES;
				GCC_WARN_UNINITIALIZED_AUTOS = YES_AGGRESSIVE;
				GCC_WARN_UNUSED_FUNCTION = YES;
				GCC_WARN_UNUSED_VARIABLE = YES;
				IPHONEOS_DEPLOYMENT_TARGET = 14.2;
				MTL_ENABLE_DEBUG_INFO = NO;
				MTL_FAST_MATH = YES;
				SDKROOT = iphoneos;
				VALIDATE_PRODUCT = YES;
			};
			name = Release;
		};
		869DF17B257630A100D916EC /* Debug */ = {
			isa = XCBuildConfiguration;
			baseConfigurationReference = B6C11A79B0112E33B73C3E59 /* Pods-WQSLocationSpirit.debug.xcconfig */;
			buildSettings = {
				ASSETCATALOG_COMPILER_APPICON_NAME = AppIcon;
				ASSETCATALOG_COMPILER_GLOBAL_ACCENT_COLOR_NAME = AccentColor;
				CODE_SIGN_STYLE = Automatic;
				DEVELOPMENT_TEAM = Z5X6YDDTVD;
				INFOPLIST_FILE = WQSLocationSpirit/Info.plist;
				LD_RUNPATH_SEARCH_PATHS = (
					"$(inherited)",
					"@executable_path/Frameworks",
				);
				PRODUCT_BUNDLE_IDENTIFIER = com.haochang.chunk;
				PRODUCT_NAME = "$(TARGET_NAME)";
				TARGETED_DEVICE_FAMILY = 1;
			};
			name = Debug;
		};
		869DF17C257630A100D916EC /* Release */ = {
			isa = XCBuildConfiguration;
			baseConfigurationReference = 7D4593C52FDCF24D7BF3EC8D /* Pods-WQSLocationSpirit.release.xcconfig */;
			buildSettings = {
				ASSETCATALOG_COMPILER_APPICON_NAME = AppIcon;
				ASSETCATALOG_COMPILER_GLOBAL_ACCENT_COLOR_NAME = AccentColor;
				CODE_SIGN_STYLE = Automatic;
				DEVELOPMENT_TEAM = Z5X6YDDTVD;
				INFOPLIST_FILE = WQSLocationSpirit/Info.plist;
				LD_RUNPATH_SEARCH_PATHS = (
					"$(inherited)",
					"@executable_path/Frameworks",
				);
				PRODUCT_BUNDLE_IDENTIFIER = com.haochang.chunk;
				PRODUCT_NAME = "$(TARGET_NAME)";
				TARGETED_DEVICE_FAMILY = 1;
			};
			name = Release;
		};
		869DF17E257630A100D916EC /* Debug */ = {
			isa = XCBuildConfiguration;
			buildSettings = {
				BUNDLE_LOADER = "$(TEST_HOST)";
				CODE_SIGN_STYLE = Automatic;
				DEVELOPMENT_TEAM = 88Q9U2W9DN;
				INFOPLIST_FILE = WQSLocationSpiritTests/Info.plist;
				IPHONEOS_DEPLOYMENT_TARGET = 14.2;
				LD_RUNPATH_SEARCH_PATHS = (
					"$(inherited)",
					"@executable_path/Frameworks",
					"@loader_path/Frameworks",
				);
				PRODUCT_BUNDLE_IDENTIFIER = com.wqsjohnson.WQSLocationSpiritTests;
				PRODUCT_NAME = "$(TARGET_NAME)";
				TARGETED_DEVICE_FAMILY = "1,2";
				TEST_HOST = "$(BUILT_PRODUCTS_DIR)/WQSLocationSpirit.app/WQSLocationSpirit";
			};
			name = Debug;
		};
		869DF17F257630A100D916EC /* Release */ = {
			isa = XCBuildConfiguration;
			buildSettings = {
				BUNDLE_LOADER = "$(TEST_HOST)";
				CODE_SIGN_STYLE = Automatic;
				DEVELOPMENT_TEAM = 88Q9U2W9DN;
				INFOPLIST_FILE = WQSLocationSpiritTests/Info.plist;
				IPHONEOS_DEPLOYMENT_TARGET = 14.2;
				LD_RUNPATH_SEARCH_PATHS = (
					"$(inherited)",
					"@executable_path/Frameworks",
					"@loader_path/Frameworks",
				);
				PRODUCT_BUNDLE_IDENTIFIER = com.wqsjohnson.WQSLocationSpiritTests;
				PRODUCT_NAME = "$(TARGET_NAME)";
				TARGETED_DEVICE_FAMILY = "1,2";
				TEST_HOST = "$(BUILT_PRODUCTS_DIR)/WQSLocationSpirit.app/WQSLocationSpirit";
			};
			name = Release;
		};
		869DF181257630A100D916EC /* Debug */ = {
			isa = XCBuildConfiguration;
			buildSettings = {
				CODE_SIGN_STYLE = Automatic;
				DEVELOPMENT_TEAM = 88Q9U2W9DN;
				INFOPLIST_FILE = WQSLocationSpiritUITests/Info.plist;
				LD_RUNPATH_SEARCH_PATHS = (
					"$(inherited)",
					"@executable_path/Frameworks",
					"@loader_path/Frameworks",
				);
				PRODUCT_BUNDLE_IDENTIFIER = com.wqsjohnson.WQSLocationSpiritUITests;
				PRODUCT_NAME = "$(TARGET_NAME)";
				TARGETED_DEVICE_FAMILY = "1,2";
				TEST_TARGET_NAME = WQSLocationSpirit;
			};
			name = Debug;
		};
		869DF182257630A100D916EC /* Release */ = {
			isa = XCBuildConfiguration;
			buildSettings = {
				CODE_SIGN_STYLE = Automatic;
				DEVELOPMENT_TEAM = 88Q9U2W9DN;
				INFOPLIST_FILE = WQSLocationSpiritUITests/Info.plist;
				LD_RUNPATH_SEARCH_PATHS = (
					"$(inherited)",
					"@executable_path/Frameworks",
					"@loader_path/Frameworks",
				);
				PRODUCT_BUNDLE_IDENTIFIER = com.wqsjohnson.WQSLocationSpiritUITests;
				PRODUCT_NAME = "$(TARGET_NAME)";
				TARGETED_DEVICE_FAMILY = "1,2";
				TEST_TARGET_NAME = WQSLocationSpirit;
			};
			name = Release;
		};
/* End XCBuildConfiguration section */

/* Begin XCConfigurationList section */
		869DF1462576309F00D916EC /* Build configuration list for PBXProject "WQSLocationSpirit" */ = {
			isa = XCConfigurationList;
			buildConfigurations = (
				869DF178257630A100D916EC /* Debug */,
				869DF179257630A100D916EC /* Release */,
			);
			defaultConfigurationIsVisible = 0;
			defaultConfigurationName = Release;
		};
		869DF17A257630A100D916EC /* Build configuration list for PBXNativeTarget "WQSLocationSpirit" */ = {
			isa = XCConfigurationList;
			buildConfigurations = (
				869DF17B257630A100D916EC /* Debug */,
				869DF17C257630A100D916EC /* Release */,
			);
			defaultConfigurationIsVisible = 0;
			defaultConfigurationName = Release;
		};
		869DF17D257630A100D916EC /* Build configuration list for PBXNativeTarget "WQSLocationSpiritTests" */ = {
			isa = XCConfigurationList;
			buildConfigurations = (
				869DF17E257630A100D916EC /* Debug */,
				869DF17F257630A100D916EC /* Release */,
			);
			defaultConfigurationIsVisible = 0;
			defaultConfigurationName = Release;
		};
		869DF180257630A100D916EC /* Build configuration list for PBXNativeTarget "WQSLocationSpiritUITests" */ = {
			isa = XCConfigurationList;
			buildConfigurations = (
				869DF181257630A100D916EC /* Debug */,
				869DF182257630A100D916EC /* Release */,
			);
			defaultConfigurationIsVisible = 0;
			defaultConfigurationName = Release;
		};
/* End XCConfigurationList section */
	};
	rootObject = 869DF1432576309F00D916EC /* Project object */;
}
